
Microsoft Visual Studio Solution File, Format Version 12.00
# Visual Studio Version 17
VisualStudioVersion = 17.13.35828.75 d17.13
MinimumVisualStudioVersion = 10.0.40219.1
Project("{FAE04EC0-301F-11D3-BF4B-00C04F79EFBC}") = "AutoDependencyInjection", "AutoDependencyInjection.csproj", "{AD085B3B-C053-47A5-8FE6-767FC7422608}"
EndProject
Global
	GlobalSection(SolutionConfigurationPlatforms) = preSolution
		Debug|Any CPU = Debug|Any CPU
		Release|Any CPU = Release|Any CPU
	EndGlobalSection
	GlobalSection(ProjectConfigurationPlatforms) = postSolution
		{AD085B3B-C053-47A5-8FE6-767FC7422608}.Debug|Any CPU.ActiveCfg = Debug|Any CPU
		{AD085B3B-C053-47A5-8FE6-767FC7422608}.Debug|Any CPU.Build.0 = Debug|Any CPU
		{AD085B3B-C053-47A5-8FE6-767FC7422608}.Release|Any CPU.ActiveCfg = Release|Any CPU
		{AD085B3B-C053-47A5-8FE6-767FC7422608}.Release|Any CPU.Build.0 = Release|Any CPU
	EndGlobalSection
	GlobalSection(SolutionProperties) = preSolution
		HideSolutionNode = FALSE
	EndGlobalSection
	GlobalSection(ExtensibilityGlobals) = postSolution
		SolutionGuid = {CC6C8F17-A2BD-4057-9694-C6E7291BC323}
	EndGlobalSection
EndGlobal
